PODS:
  - CHTCollectionViewWaterfallLayout (0.9.7):
    - CHTCollectionViewWaterfallLayout/ObjC (= 0.9.7)
  - CHTCollectionViewWaterfallLayout/ObjC (0.9.7)
<<<<<<< HEAD
  - DropDown (2.3.2)

DEPENDENCIES:
  - CHTCollectionViewWaterfallLayout
  - DropDown

SPEC CHECKSUMS:
  CHTCollectionViewWaterfallLayout: 9d11068fafecac106695bb5a5d6d0f738483b598
  DropDown: 7f87abecc28f9b4edad810fe1211c5c018c257e5

PODFILE CHECKSUM: 907897addd9c1aaf5a61ccaa123cec891bef0aca
=======
  - DLRadioButton (1.4.12)

DEPENDENCIES:
  - CHTCollectionViewWaterfallLayout
  - DLRadioButton

SPEC CHECKSUMS:
  CHTCollectionViewWaterfallLayout: 9d11068fafecac106695bb5a5d6d0f738483b598
  DLRadioButton: d7c4e225ed0e8013cef7be61455230c7557ad7c1

PODFILE CHECKSUM: 1e27c75497cbd2bd77e7b474de6313f5716f31b0
>>>>>>> master

COCOAPODS: 1.4.0
