PODS:
  - CHTCollectionViewWaterfallLayout (0.9.7):
    - CHTCollectionViewWaterfallLayout/ObjC (= 0.9.7)
  - CHTCollectionViewWaterfallLayout/ObjC (0.9.7)
  - DLRadioButton (1.4.12)
  - DropDown (2.3.2)

DEPENDENCIES:
  - CHTCollectionViewWaterfallLayout
  - DLRadioButton
  - DropDown

SPEC REPOS:
  https://github.com/cocoapods/specs.git:
    - CHTCollectionViewWaterfallLayout
    - DLRadioButton
    - DropDown

SPEC CHECKSUMS:
  CHTCollectionViewWaterfallLayout: 9d11068fafecac106695bb5a5d6d0f738483b598
  DLRadioButton: d7c4e225ed0e8013cef7be61455230c7557ad7c1
  DropDown: 7f87abecc28f9b4edad810fe1211c5c018c257e5

PODFILE CHECKSUM: eee5ce17725cae77fe1d6e99ac7bf012433c6719

COCOAPODS: 1.5.3
